
Microsoft Visual Studio Solution File, Format Version 12.00
# Visual Studio 15
VisualStudioVersion = 15.0.26124.0
MinimumVisualStudioVersion = 15.0.26124.0
Project("{FAE04EC0-301F-11D3-BF4B-00C04F79EFBC}") = "SalesReceipt.csproj", "SalesReceipt\SalesReceipt.csproj.csproj", "{F1412E7F-F058-42A4-9993-B732105B5C3A}"
EndProject
Project("{FAE04EC0-301F-11D3-BF4B-00C04F79EFBC}") = "SalesReceiptTest", "SalesReceiptTest\SalesReceiptTest.csproj", "{5EA6A6B4-A29E-4E41-B478-CFF51323A587}"
EndProject
Global
	GlobalSection(SolutionConfigurationPlatforms) = preSolution
		Debug|Any CPU = Debug|Any CPU
		Debug|x64 = Debug|x64
		Debug|x86 = Debug|x86
		Release|Any CPU = Release|Any CPU
		Release|x64 = Release|x64
		Release|x86 = Release|x86
	EndGlobalSection
	GlobalSection(SolutionProperties) = preSolution
		HideSolutionNode = FALSE
	EndGlobalSection
	GlobalSection(ProjectConfigurationPlatforms) = postSolution
		{F1412E7F-F058-42A4-9993-B732105B5C3A}.Debug|Any CPU.ActiveCfg = Debug|Any CPU
		{F1412E7F-F058-42A4-9993-B732105B5C3A}.Debug|Any CPU.Build.0 = Debug|Any CPU
		{F1412E7F-F058-42A4-9993-B732105B5C3A}.Debug|x64.ActiveCfg = Debug|Any CPU
		{F1412E7F-F058-42A4-9993-B732105B5C3A}.Debug|x64.Build.0 = Debug|Any CPU
		{F1412E7F-F058-42A4-9993-B732105B5C3A}.Debug|x86.ActiveCfg = Debug|Any CPU
		{F1412E7F-F058-42A4-9993-B732105B5C3A}.Debug|x86.Build.0 = Debug|Any CPU
		{F1412E7F-F058-42A4-9993-B732105B5C3A}.Release|Any CPU.ActiveCfg = Release|Any CPU
		{F1412E7F-F058-42A4-9993-B732105B5C3A}.Release|Any CPU.Build.0 = Release|Any CPU
		{F1412E7F-F058-42A4-9993-B732105B5C3A}.Release|x64.ActiveCfg = Release|Any CPU
		{F1412E7F-F058-42A4-9993-B732105B5C3A}.Release|x64.Build.0 = Release|Any CPU
		{F1412E7F-F058-42A4-9993-B732105B5C3A}.Release|x86.ActiveCfg = Release|Any CPU
		{F1412E7F-F058-42A4-9993-B732105B5C3A}.Release|x86.Build.0 = Release|Any CPU
		{5EA6A6B4-A29E-4E41-B478-CFF51323A587}.Debug|Any CPU.ActiveCfg = Debug|Any CPU
		{5EA6A6B4-A29E-4E41-B478-CFF51323A587}.Debug|Any CPU.Build.0 = Debug|Any CPU
		{5EA6A6B4-A29E-4E41-B478-CFF51323A587}.Debug|x64.ActiveCfg = Debug|Any CPU
		{5EA6A6B4-A29E-4E41-B478-CFF51323A587}.Debug|x64.Build.0 = Debug|Any CPU
		{5EA6A6B4-A29E-4E41-B478-CFF51323A587}.Debug|x86.ActiveCfg = Debug|Any CPU
		{5EA6A6B4-A29E-4E41-B478-CFF51323A587}.Debug|x86.Build.0 = Debug|Any CPU
		{5EA6A6B4-A29E-4E41-B478-CFF51323A587}.Release|Any CPU.ActiveCfg = Release|Any CPU
		{5EA6A6B4-A29E-4E41-B478-CFF51323A587}.Release|Any CPU.Build.0 = Release|Any CPU
		{5EA6A6B4-A29E-4E41-B478-CFF51323A587}.Release|x64.ActiveCfg = Release|Any CPU
		{5EA6A6B4-A29E-4E41-B478-CFF51323A587}.Release|x64.Build.0 = Release|Any CPU
		{5EA6A6B4-A29E-4E41-B478-CFF51323A587}.Release|x86.ActiveCfg = Release|Any CPU
		{5EA6A6B4-A29E-4E41-B478-CFF51323A587}.Release|x86.Build.0 = Release|Any CPU
	EndGlobalSection
EndGlobal
